
Microsoft Visual Studio Solution File, Format Version 12.00
# Visual Studio Version 17
VisualStudioVersion = 17.9.34728.123
MinimumVisualStudioVersion = 10.0.40219.1
Project("{9A19103F-16F7-4668-BE54-9A1E7A4F7556}") = "NetflixCloneMAUI", "FreeNetflix55\NetflixCloneMAUI.csproj", "{644C3ED3-DCBE-4D26-8FA6-657E3EC8DD6D}"
EndProject
Global
	GlobalSection(SolutionConfigurationPlatforms) = preSolution
		Debug|Any CPU = Debug|Any CPU
		Release|Any CPU = Release|Any CPU
	EndGlobalSection
	GlobalSection(ProjectConfigurationPlatforms) = postSolution
		{644C3ED3-DCBE-4D26-8FA6-657E3EC8DD6D}.Debug|Any CPU.ActiveCfg = Debug|Any CPU
		{644C3ED3-DCBE-4D26-8FA6-657E3EC8DD6D}.Debug|Any CPU.Build.0 = Debug|Any CPU
		{644C3ED3-DCBE-4D26-8FA6-657E3EC8DD6D}.Debug|Any CPU.Deploy.0 = Debug|Any CPU
		{644C3ED3-DCBE-4D26-8FA6-657E3EC8DD6D}.Release|Any CPU.ActiveCfg = Release|Any CPU
		{644C3ED3-DCBE-4D26-8FA6-657E3EC8DD6D}.Release|Any CPU.Build.0 = Release|Any CPU
		{644C3ED3-DCBE-4D26-8FA6-657E3EC8DD6D}.Release|Any CPU.Deploy.0 = Release|Any CPU
	EndGlobalSection
	GlobalSection(SolutionProperties) = preSolution
		HideSolutionNode = FALSE
	EndGlobalSection
	GlobalSection(ExtensibilityGlobals) = postSolution
		SolutionGuid = {C5393098-AB38-48D6-AA8A-6B2C870435CD}
	EndGlobalSection
EndGlobal
